
Microsoft Visual Studio Solution File, Format Version 12.00
# Visual Studio 15
VisualStudioVersion = 15.0.28307.271
MinimumVisualStudioVersion = 10.0.40219.1
Project("{8BC9CEB8-8B4A-11D0-8D11-00A0C91BC942}") = "1번", "6장 연습문제\6장 연습문제.vcxproj", "{E13A9006-610C-4AD8-83F7-4C03AC650249}"
EndProject
Project("{8BC9CEB8-8B4A-11D0-8D11-00A0C91BC942}") = "2번", "2번\2번.vcxproj", "{6FA7B648-D0D8-40B6-9E23-62A7315C2677}"
EndProject
Project("{8BC9CEB8-8B4A-11D0-8D11-00A0C91BC942}") = "3번", "3번\3번.vcxproj", "{BE5AAF93-A999-4E39-BE8F-A12361313D67}"
EndProject
Project("{8BC9CEB8-8B4A-11D0-8D11-00A0C91BC942}") = "4번", "4번\4번.vcxproj", "{F21736FB-766A-4A3C-B3F4-B49763FAFBC0}"
EndProject
Project("{8BC9CEB8-8B4A-11D0-8D11-00A0C91BC942}") = "5번", "5번\5번.vcxproj", "{B1A636B8-C406-4C44-9E82-BAE98FE95062}"
EndProject
Project("{8BC9CEB8-8B4A-11D0-8D11-00A0C91BC942}") = "6번", "6번\6번.vcxproj", "{6A71A987-C7C6-4880-89C0-CC2F0305687D}"
EndProject
Project("{8BC9CEB8-8B4A-11D0-8D11-00A0C91BC942}") = "7번", "7번\7번.vcxproj", "{D1A5BE47-C766-40BA-9778-FE424DE7D09B}"
EndProject
Project("{8BC9CEB8-8B4A-11D0-8D11-00A0C91BC942}") = "8번", "8번\8번.vcxproj", "{A5038B15-96BB-431A-A150-70A331B0BAAF}"
EndProject
Project("{8BC9CEB8-8B4A-11D0-8D11-00A0C91BC942}") = "9번", "9번\9번.vcxproj", "{384D7709-C121-4F4D-9C75-FE727D5083EC}"
EndProject
Project("{8BC9CEB8-8B4A-11D0-8D11-00A0C91BC942}") = "10번", "10번\10번.vcxproj", "{07397BBA-A975-42BE-ABB3-CF7B45527F59}"
EndProject
Project("{8BC9CEB8-8B4A-11D0-8D11-00A0C91BC942}") = "11번", "11번\11번.vcxproj", "{9B6F12BF-27E4-4A91-AC00-61EE2950C1C6}"
EndProject
Global
	GlobalSection(SolutionConfigurationPlatforms) = preSolution
		Debug|x64 = Debug|x64
		Debug|x86 = Debug|x86
		Release|x64 = Release|x64
		Release|x86 = Release|x86
	EndGlobalSection
	GlobalSection(ProjectConfigurationPlatforms) = postSolution
		{E13A9006-610C-4AD8-83F7-4C03AC650249}.Debug|x64.ActiveCfg = Debug|x64
		{E13A9006-610C-4AD8-83F7-4C03AC650249}.Debug|x64.Build.0 = Debug|x64
		{E13A9006-610C-4AD8-83F7-4C03AC650249}.Debug|x86.ActiveCfg = Debug|Win32
		{E13A9006-610C-4AD8-83F7-4C03AC650249}.Debug|x86.Build.0 = Debug|Win32
		{E13A9006-610C-4AD8-83F7-4C03AC650249}.Release|x64.ActiveCfg = Release|x64
		{E13A9006-610C-4AD8-83F7-4C03AC650249}.Release|x64.Build.0 = Release|x64
		{E13A9006-610C-4AD8-83F7-4C03AC650249}.Release|x86.ActiveCfg = Release|Win32
		{E13A9006-610C-4AD8-83F7-4C03AC650249}.Release|x86.Build.0 = Release|Win32
		{6FA7B648-D0D8-40B6-9E23-62A7315C2677}.Debug|x64.ActiveCfg = Debug|x64
		{6FA7B648-D0D8-40B6-9E23-62A7315C2677}.Debug|x64.Build.0 = Debug|x64
		{6FA7B648-D0D8-40B6-9E23-62A7315C2677}.Debug|x86.ActiveCfg = Debug|Win32
		{6FA7B648-D0D8-40B6-9E23-62A7315C2677}.Debug|x86.Build.0 = Debug|Win32
		{6FA7B648-D0D8-40B6-9E23-62A7315C2677}.Release|x64.ActiveCfg = Release|x64
		{6FA7B648-D0D8-40B6-9E23-62A7315C2677}.Release|x64.Build.0 = Release|x64
		{6FA7B648-D0D8-40B6-9E23-62A7315C2677}.Release|x86.ActiveCfg = Release|Win32
		{6FA7B648-D0D8-40B6-9E23-62A7315C2677}.Release|x86.Build.0 = Release|Win32
		{BE5AAF93-A999-4E39-BE8F-A12361313D67}.Debug|x64.ActiveCfg = Debug|x64
		{BE5AAF93-A999-4E39-BE8F-A12361313D67}.Debug|x64.Build.0 = Debug|x64
		{BE5AAF93-A999-4E39-BE8F-A12361313D67}.Debug|x86.ActiveCfg = Debug|Win32
		{BE5AAF93-A999-4E39-BE8F-A12361313D67}.Debug|x86.Build.0 = Debug|Win32
		{BE5AAF93-A999-4E39-BE8F-A12361313D67}.Release|x64.ActiveCfg = Release|x64
		{BE5AAF93-A999-4E39-BE8F-A12361313D67}.Release|x64.Build.0 = Release|x64
		{BE5AAF93-A999-4E39-BE8F-A12361313D67}.Release|x86.ActiveCfg = Release|Win32
		{BE5AAF93-A999-4E39-BE8F-A12361313D67}.Release|x86.Build.0 = Release|Win32
		{F21736FB-766A-4A3C-B3F4-B49763FAFBC0}.Debug|x64.ActiveCfg = Debug|x64
		{F21736FB-766A-4A3C-B3F4-B49763FAFBC0}.Debug|x64.Build.0 = Debug|x64
		{F21736FB-766A-4A3C-B3F4-B49763FAFBC0}.Debug|x86.ActiveCfg = Debug|Win32
		{F21736FB-766A-4A3C-B3F4-B49763FAFBC0}.Debug|x86.Build.0 = Debug|Win32
		{F21736FB-766A-4A3C-B3F4-B49763FAFBC0}.Release|x64.ActiveCfg = Release|x64
		{F21736FB-766A-4A3C-B3F4-B49763FAFBC0}.Release|x64.Build.0 = Release|x64
		{F21736FB-766A-4A3C-B3F4-B49763FAFBC0}.Release|x86.ActiveCfg = Release|Win32
		{F21736FB-766A-4A3C-B3F4-B49763FAFBC0}.Release|x86.Build.0 = Release|Win32
		{B1A636B8-C406-4C44-9E82-BAE98FE95062}.Debug|x64.ActiveCfg = Debug|x64
		{B1A636B8-C406-4C44-9E82-BAE98FE95062}.Debug|x64.Build.0 = Debug|x64
		{B1A636B8-C406-4C44-9E82-BAE98FE95062}.Debug|x86.ActiveCfg = Debug|Win32
		{B1A636B8-C406-4C44-9E82-BAE98FE95062}.Debug|x86.Build.0 = Debug|Win32
		{B1A636B8-C406-4C44-9E82-BAE98FE95062}.Release|x64.ActiveCfg = Release|x64
		{B1A636B8-C406-4C44-9E82-BAE98FE95062}.Release|x64.Build.0 = Release|x64
		{B1A636B8-C406-4C44-9E82-BAE98FE95062}.Release|x86.ActiveCfg = Release|Win32
		{B1A636B8-C406-4C44-9E82-BAE98FE95062}.Release|x86.Build.0 = Release|Win32
		{6A71A987-C7C6-4880-89C0-CC2F0305687D}.Debug|x64.ActiveCfg = Debug|x64
		{6A71A987-C7C6-4880-89C0-CC2F0305687D}.Debug|x64.Build.0 = Debug|x64
		{6A71A987-C7C6-4880-89C0-CC2F0305687D}.Debug|x86.ActiveCfg = Debug|Win32
		{6A71A987-C7C6-4880-89C0-CC2F0305687D}.Debug|x86.Build.0 = Debug|Win32
		{6A71A987-C7C6-4880-89C0-CC2F0305687D}.Release|x64.ActiveCfg = Release|x64
		{6A71A987-C7C6-4880-89C0-CC2F0305687D}.Release|x64.Build.0 = Release|x64
		{6A71A987-C7C6-4880-89C0-CC2F0305687D}.Release|x86.ActiveCfg = Release|Win32
		{6A71A987-C7C6-4880-89C0-CC2F0305687D}.Release|x86.Build.0 = Release|Win32
		{D1A5BE47-C766-40BA-9778-FE424DE7D09B}.Debug|x64.ActiveCfg = Debug|x64
		{D1A5BE47-C766-40BA-9778-FE424DE7D09B}.Debug|x64.Build.0 = Debug|x64
		{D1A5BE47-C766-40BA-9778-FE424DE7D09B}.Debug|x86.ActiveCfg = Debug|Win32
		{D1A5BE47-C766-40BA-9778-FE424DE7D09B}.Debug|x86.Build.0 = Debug|Win32
		{D1A5BE47-C766-40BA-9778-FE424DE7D09B}.Release|x64.ActiveCfg = Release|x64
		{D1A5BE47-C766-40BA-9778-FE424DE7D09B}.Release|x64.Build.0 = Release|x64
		{D1A5BE47-C766-40BA-9778-FE424DE7D09B}.Release|x86.ActiveCfg = Release|Win32
		{D1A5BE47-C766-40BA-9778-FE424DE7D09B}.Release|x86.Build.0 = Release|Win32
		{A5038B15-96BB-431A-A150-70A331B0BAAF}.Debug|x64.ActiveCfg = Debug|x64
		{A5038B15-96BB-431A-A150-70A331B0BAAF}.Debug|x64.Build.0 = Debug|x64
		{A5038B15-96BB-431A-A150-70A331B0BAAF}.Debug|x86.ActiveCfg = Debug|Win32
		{A5038B15-96BB-431A-A150-70A331B0BAAF}.Debug|x86.Build.0 = Debug|Win32
		{A5038B15-96BB-431A-A150-70A331B0BAAF}.Release|x64.ActiveCfg = Release|x64
		{A5038B15-96BB-431A-A150-70A331B0BAAF}.Release|x64.Build.0 = Release|x64
		{A5038B15-96BB-431A-A150-70A331B0BAAF}.Release|x86.ActiveCfg = Release|Win32
		{A5038B15-96BB-431A-A150-70A331B0BAAF}.Release|x86.Build.0 = Release|Win32
		{384D7709-C121-4F4D-9C75-FE727D5083EC}.Debug|x64.ActiveCfg = Debug|x64
		{384D7709-C121-4F4D-9C75-FE727D5083EC}.Debug|x64.Build.0 = Debug|x64
		{384D7709-C121-4F4D-9C75-FE727D5083EC}.Debug|x86.ActiveCfg = Debug|Win32
		{384D7709-C121-4F4D-9C75-FE727D5083EC}.Debug|x86.Build.0 = Debug|Win32
		{384D7709-C121-4F4D-9C75-FE727D5083EC}.Release|x64.ActiveCfg = Release|x64
		{384D7709-C121-4F4D-9C75-FE727D5083EC}.Release|x64.Build.0 = Release|x64
		{384D7709-C121-4F4D-9C75-FE727D5083EC}.Release|x86.ActiveCfg = Release|Win32
		{384D7709-C121-4F4D-9C75-FE727D5083EC}.Release|x86.Build.0 = Release|Win32
		{07397BBA-A975-42BE-ABB3-CF7B45527F59}.Debug|x64.ActiveCfg = Debug|x64
		{07397BBA-A975-42BE-ABB3-CF7B45527F59}.Debug|x64.Build.0 = Debug|x64
		{07397BBA-A975-42BE-ABB3-CF7B45527F59}.Debug|x86.ActiveCfg = Debug|Win32
		{07397BBA-A975-42BE-ABB3-CF7B45527F59}.Debug|x86.Build.0 = Debug|Win32
		{07397BBA-A975-42BE-ABB3-CF7B45527F59}.Release|x64.ActiveCfg = Release|x64
		{07397BBA-A975-42BE-ABB3-CF7B45527F59}.Release|x64.Build.0 = Release|x64
		{07397BBA-A975-42BE-ABB3-CF7B45527F59}.Release|x86.ActiveCfg = Release|Win32
		{07397BBA-A975-42BE-ABB3-CF7B45527F59}.Release|x86.Build.0 = Release|Win32
		{9B6F12BF-27E4-4A91-AC00-61EE2950C1C6}.Debug|x64.ActiveCfg = Debug|x64
		{9B6F12BF-27E4-4A91-AC00-61EE2950C1C6}.Debug|x64.Build.0 = Debug|x64
		{9B6F12BF-27E4-4A91-AC00-61EE2950C1C6}.Debug|x86.ActiveCfg = Debug|Win32
		{9B6F12BF-27E4-4A91-AC00-61EE2950C1C6}.Debug|x86.Build.0 = Debug|Win32
		{9B6F12BF-27E4-4A91-AC00-61EE2950C1C6}.Release|x64.ActiveCfg = Release|x64
		{9B6F12BF-27E4-4A91-AC00-61EE2950C1C6}.Release|x64.Build.0 = Release|x64
		{9B6F12BF-27E4-4A91-AC00-61EE2950C1C6}.Release|x86.ActiveCfg = Release|Win32
		{9B6F12BF-27E4-4A91-AC00-61EE2950C1C6}.Release|x86.Build.0 = Release|Win32
	EndGlobalSection
	GlobalSection(SolutionProperties) = preSolution
		HideSolutionNode = FALSE
	EndGlobalSection
	GlobalSection(ExtensibilityGlobals) = postSolution
		SolutionGuid = {AB632186-C789-47F8-B3C8-809DF9558EF6}
	EndGlobalSection
EndGlobal
