
Microsoft Visual Studio Solution File, Format Version 12.00
# Visual Studio 15
VisualStudioVersion = 15.0.28307.271
MinimumVisualStudioVersion = 10.0.40219.1
Project("{8BC9CEB8-8B4A-11D0-8D11-00A0C91BC942}") = "4장 연습문제", "4장 연습문제\4장 연습문제.vcxproj", "{0731E371-6BAC-40B4-B6BC-A308DDE64D7C}"
EndProject
Project("{8BC9CEB8-8B4A-11D0-8D11-00A0C91BC942}") = "2번", "2번\2번.vcxproj", "{D282408A-D051-42B9-A248-950E706AE725}"
EndProject
Project("{8BC9CEB8-8B4A-11D0-8D11-00A0C91BC942}") = "3번", "3번\3번.vcxproj", "{4523F21B-CFEB-438F-811A-7503FE1C4A81}"
EndProject
Project("{8BC9CEB8-8B4A-11D0-8D11-00A0C91BC942}") = "4번", "4번\4번.vcxproj", "{CEDA4910-300D-45BA-A7E2-51C55D3E549F}"
EndProject
Project("{8BC9CEB8-8B4A-11D0-8D11-00A0C91BC942}") = "5번", "5번\5번.vcxproj", "{12E735C4-FB5A-4D15-8584-1A3BEF3806E6}"
EndProject
Project("{8BC9CEB8-8B4A-11D0-8D11-00A0C91BC942}") = "6번", "6번\6번.vcxproj", "{2E42B74D-B96C-4F93-8F5E-536DF5041E69}"
EndProject
Project("{8BC9CEB8-8B4A-11D0-8D11-00A0C91BC942}") = "7번", "7번\7번.vcxproj", "{0F4E415F-2F74-493D-B2DF-DABF4E641419}"
EndProject
Project("{8BC9CEB8-8B4A-11D0-8D11-00A0C91BC942}") = "8번", "8번\8번.vcxproj", "{137AE7EE-0EEE-47C6-88B5-A472361113E7}"
EndProject
Project("{8BC9CEB8-8B4A-11D0-8D11-00A0C91BC942}") = "9번", "9번\9번.vcxproj", "{8C85DB25-1ABB-403C-A4BE-169613674D86}"
EndProject
Project("{8BC9CEB8-8B4A-11D0-8D11-00A0C91BC942}") = "10번", "10번\10번.vcxproj", "{860D77D8-3553-4C8D-A71F-A78130A765B5}"
EndProject
Project("{8BC9CEB8-8B4A-11D0-8D11-00A0C91BC942}") = "11", "11\11.vcxproj", "{586BAD25-5BF8-41B9-9140-F1DC44508676}"
EndProject
Project("{8BC9CEB8-8B4A-11D0-8D11-00A0C91BC942}") = "11번", "11번\11번.vcxproj", "{F2F26164-353E-43B2-B82C-7EE1B99D322B}"
EndProject
Global
	GlobalSection(SolutionConfigurationPlatforms) = preSolution
		Debug|x64 = Debug|x64
		Debug|x86 = Debug|x86
		Release|x64 = Release|x64
		Release|x86 = Release|x86
	EndGlobalSection
	GlobalSection(ProjectConfigurationPlatforms) = postSolution
		{0731E371-6BAC-40B4-B6BC-A308DDE64D7C}.Debug|x64.ActiveCfg = Debug|x64
		{0731E371-6BAC-40B4-B6BC-A308DDE64D7C}.Debug|x64.Build.0 = Debug|x64
		{0731E371-6BAC-40B4-B6BC-A308DDE64D7C}.Debug|x86.ActiveCfg = Debug|Win32
		{0731E371-6BAC-40B4-B6BC-A308DDE64D7C}.Debug|x86.Build.0 = Debug|Win32
		{0731E371-6BAC-40B4-B6BC-A308DDE64D7C}.Release|x64.ActiveCfg = Release|x64
		{0731E371-6BAC-40B4-B6BC-A308DDE64D7C}.Release|x64.Build.0 = Release|x64
		{0731E371-6BAC-40B4-B6BC-A308DDE64D7C}.Release|x86.ActiveCfg = Release|Win32
		{0731E371-6BAC-40B4-B6BC-A308DDE64D7C}.Release|x86.Build.0 = Release|Win32
		{D282408A-D051-42B9-A248-950E706AE725}.Debug|x64.ActiveCfg = Debug|x64
		{D282408A-D051-42B9-A248-950E706AE725}.Debug|x64.Build.0 = Debug|x64
		{D282408A-D051-42B9-A248-950E706AE725}.Debug|x86.ActiveCfg = Debug|Win32
		{D282408A-D051-42B9-A248-950E706AE725}.Debug|x86.Build.0 = Debug|Win32
		{D282408A-D051-42B9-A248-950E706AE725}.Release|x64.ActiveCfg = Release|x64
		{D282408A-D051-42B9-A248-950E706AE725}.Release|x64.Build.0 = Release|x64
		{D282408A-D051-42B9-A248-950E706AE725}.Release|x86.ActiveCfg = Release|Win32
		{D282408A-D051-42B9-A248-950E706AE725}.Release|x86.Build.0 = Release|Win32
		{4523F21B-CFEB-438F-811A-7503FE1C4A81}.Debug|x64.ActiveCfg = Debug|x64
		{4523F21B-CFEB-438F-811A-7503FE1C4A81}.Debug|x64.Build.0 = Debug|x64
		{4523F21B-CFEB-438F-811A-7503FE1C4A81}.Debug|x86.ActiveCfg = Debug|Win32
		{4523F21B-CFEB-438F-811A-7503FE1C4A81}.Debug|x86.Build.0 = Debug|Win32
		{4523F21B-CFEB-438F-811A-7503FE1C4A81}.Release|x64.ActiveCfg = Release|x64
		{4523F21B-CFEB-438F-811A-7503FE1C4A81}.Release|x64.Build.0 = Release|x64
		{4523F21B-CFEB-438F-811A-7503FE1C4A81}.Release|x86.ActiveCfg = Release|Win32
		{4523F21B-CFEB-438F-811A-7503FE1C4A81}.Release|x86.Build.0 = Release|Win32
		{CEDA4910-300D-45BA-A7E2-51C55D3E549F}.Debug|x64.ActiveCfg = Debug|x64
		{CEDA4910-300D-45BA-A7E2-51C55D3E549F}.Debug|x64.Build.0 = Debug|x64
		{CEDA4910-300D-45BA-A7E2-51C55D3E549F}.Debug|x86.ActiveCfg = Debug|Win32
		{CEDA4910-300D-45BA-A7E2-51C55D3E549F}.Debug|x86.Build.0 = Debug|Win32
		{CEDA4910-300D-45BA-A7E2-51C55D3E549F}.Release|x64.ActiveCfg = Release|x64
		{CEDA4910-300D-45BA-A7E2-51C55D3E549F}.Release|x64.Build.0 = Release|x64
		{CEDA4910-300D-45BA-A7E2-51C55D3E549F}.Release|x86.ActiveCfg = Release|Win32
		{CEDA4910-300D-45BA-A7E2-51C55D3E549F}.Release|x86.Build.0 = Release|Win32
		{12E735C4-FB5A-4D15-8584-1A3BEF3806E6}.Debug|x64.ActiveCfg = Debug|x64
		{12E735C4-FB5A-4D15-8584-1A3BEF3806E6}.Debug|x64.Build.0 = Debug|x64
		{12E735C4-FB5A-4D15-8584-1A3BEF3806E6}.Debug|x86.ActiveCfg = Debug|Win32
		{12E735C4-FB5A-4D15-8584-1A3BEF3806E6}.Debug|x86.Build.0 = Debug|Win32
		{12E735C4-FB5A-4D15-8584-1A3BEF3806E6}.Release|x64.ActiveCfg = Release|x64
		{12E735C4-FB5A-4D15-8584-1A3BEF3806E6}.Release|x64.Build.0 = Release|x64
		{12E735C4-FB5A-4D15-8584-1A3BEF3806E6}.Release|x86.ActiveCfg = Release|Win32
		{12E735C4-FB5A-4D15-8584-1A3BEF3806E6}.Release|x86.Build.0 = Release|Win32
		{2E42B74D-B96C-4F93-8F5E-536DF5041E69}.Debug|x64.ActiveCfg = Debug|x64
		{2E42B74D-B96C-4F93-8F5E-536DF5041E69}.Debug|x64.Build.0 = Debug|x64
		{2E42B74D-B96C-4F93-8F5E-536DF5041E69}.Debug|x86.ActiveCfg = Debug|Win32
		{2E42B74D-B96C-4F93-8F5E-536DF5041E69}.Debug|x86.Build.0 = Debug|Win32
		{2E42B74D-B96C-4F93-8F5E-536DF5041E69}.Release|x64.ActiveCfg = Release|x64
		{2E42B74D-B96C-4F93-8F5E-536DF5041E69}.Release|x64.Build.0 = Release|x64
		{2E42B74D-B96C-4F93-8F5E-536DF5041E69}.Release|x86.ActiveCfg = Release|Win32
		{2E42B74D-B96C-4F93-8F5E-536DF5041E69}.Release|x86.Build.0 = Release|Win32
		{0F4E415F-2F74-493D-B2DF-DABF4E641419}.Debug|x64.ActiveCfg = Debug|x64
		{0F4E415F-2F74-493D-B2DF-DABF4E641419}.Debug|x64.Build.0 = Debug|x64
		{0F4E415F-2F74-493D-B2DF-DABF4E641419}.Debug|x86.ActiveCfg = Debug|Win32
		{0F4E415F-2F74-493D-B2DF-DABF4E641419}.Debug|x86.Build.0 = Debug|Win32
		{0F4E415F-2F74-493D-B2DF-DABF4E641419}.Release|x64.ActiveCfg = Release|x64
		{0F4E415F-2F74-493D-B2DF-DABF4E641419}.Release|x64.Build.0 = Release|x64
		{0F4E415F-2F74-493D-B2DF-DABF4E641419}.Release|x86.ActiveCfg = Release|Win32
		{0F4E415F-2F74-493D-B2DF-DABF4E641419}.Release|x86.Build.0 = Release|Win32
		{137AE7EE-0EEE-47C6-88B5-A472361113E7}.Debug|x64.ActiveCfg = Debug|x64
		{137AE7EE-0EEE-47C6-88B5-A472361113E7}.Debug|x64.Build.0 = Debug|x64
		{137AE7EE-0EEE-47C6-88B5-A472361113E7}.Debug|x86.ActiveCfg = Debug|Win32
		{137AE7EE-0EEE-47C6-88B5-A472361113E7}.Debug|x86.Build.0 = Debug|Win32
		{137AE7EE-0EEE-47C6-88B5-A472361113E7}.Release|x64.ActiveCfg = Release|x64
		{137AE7EE-0EEE-47C6-88B5-A472361113E7}.Release|x64.Build.0 = Release|x64
		{137AE7EE-0EEE-47C6-88B5-A472361113E7}.Release|x86.ActiveCfg = Release|Win32
		{137AE7EE-0EEE-47C6-88B5-A472361113E7}.Release|x86.Build.0 = Release|Win32
		{8C85DB25-1ABB-403C-A4BE-169613674D86}.Debug|x64.ActiveCfg = Debug|x64
		{8C85DB25-1ABB-403C-A4BE-169613674D86}.Debug|x64.Build.0 = Debug|x64
		{8C85DB25-1ABB-403C-A4BE-169613674D86}.Debug|x86.ActiveCfg = Debug|Win32
		{8C85DB25-1ABB-403C-A4BE-169613674D86}.Debug|x86.Build.0 = Debug|Win32
		{8C85DB25-1ABB-403C-A4BE-169613674D86}.Release|x64.ActiveCfg = Release|x64
		{8C85DB25-1ABB-403C-A4BE-169613674D86}.Release|x64.Build.0 = Release|x64
		{8C85DB25-1ABB-403C-A4BE-169613674D86}.Release|x86.ActiveCfg = Release|Win32
		{8C85DB25-1ABB-403C-A4BE-169613674D86}.Release|x86.Build.0 = Release|Win32
		{860D77D8-3553-4C8D-A71F-A78130A765B5}.Debug|x64.ActiveCfg = Debug|x64
		{860D77D8-3553-4C8D-A71F-A78130A765B5}.Debug|x64.Build.0 = Debug|x64
		{860D77D8-3553-4C8D-A71F-A78130A765B5}.Debug|x86.ActiveCfg = Debug|Win32
		{860D77D8-3553-4C8D-A71F-A78130A765B5}.Debug|x86.Build.0 = Debug|Win32
		{860D77D8-3553-4C8D-A71F-A78130A765B5}.Release|x64.ActiveCfg = Release|x64
		{860D77D8-3553-4C8D-A71F-A78130A765B5}.Release|x64.Build.0 = Release|x64
		{860D77D8-3553-4C8D-A71F-A78130A765B5}.Release|x86.ActiveCfg = Release|Win32
		{860D77D8-3553-4C8D-A71F-A78130A765B5}.Release|x86.Build.0 = Release|Win32
		{586BAD25-5BF8-41B9-9140-F1DC44508676}.Debug|x64.ActiveCfg = Debug|x64
		{586BAD25-5BF8-41B9-9140-F1DC44508676}.Debug|x64.Build.0 = Debug|x64
		{586BAD25-5BF8-41B9-9140-F1DC44508676}.Debug|x86.ActiveCfg = Debug|Win32
		{586BAD25-5BF8-41B9-9140-F1DC44508676}.Debug|x86.Build.0 = Debug|Win32
		{586BAD25-5BF8-41B9-9140-F1DC44508676}.Release|x64.ActiveCfg = Release|x64
		{586BAD25-5BF8-41B9-9140-F1DC44508676}.Release|x64.Build.0 = Release|x64
		{586BAD25-5BF8-41B9-9140-F1DC44508676}.Release|x86.ActiveCfg = Release|Win32
		{586BAD25-5BF8-41B9-9140-F1DC44508676}.Release|x86.Build.0 = Release|Win32
		{F2F26164-353E-43B2-B82C-7EE1B99D322B}.Debug|x64.ActiveCfg = Debug|x64
		{F2F26164-353E-43B2-B82C-7EE1B99D322B}.Debug|x64.Build.0 = Debug|x64
		{F2F26164-353E-43B2-B82C-7EE1B99D322B}.Debug|x86.ActiveCfg = Debug|Win32
		{F2F26164-353E-43B2-B82C-7EE1B99D322B}.Debug|x86.Build.0 = Debug|Win32
		{F2F26164-353E-43B2-B82C-7EE1B99D322B}.Release|x64.ActiveCfg = Release|x64
		{F2F26164-353E-43B2-B82C-7EE1B99D322B}.Release|x64.Build.0 = Release|x64
		{F2F26164-353E-43B2-B82C-7EE1B99D322B}.Release|x86.ActiveCfg = Release|Win32
		{F2F26164-353E-43B2-B82C-7EE1B99D322B}.Release|x86.Build.0 = Release|Win32
	EndGlobalSection
	GlobalSection(SolutionProperties) = preSolution
		HideSolutionNode = FALSE
	EndGlobalSection
	GlobalSection(ExtensibilityGlobals) = postSolution
		SolutionGuid = {9298587A-519A-47CA-8074-9F96D30D0934}
	EndGlobalSection
EndGlobal
