
Microsoft Visual Studio Solution File, Format Version 12.00
# Visual Studio 15
VisualStudioVersion = 15.0.28307.852
MinimumVisualStudioVersion = 10.0.40219.1
Project("{8BC9CEB8-8B4A-11D0-8D11-00A0C91BC942}") = "9장", "9장\9장.vcxproj", "{2BE8CC42-92F8-4FC9-8FF9-1F1C78205244}"
EndProject
Project("{8BC9CEB8-8B4A-11D0-8D11-00A0C91BC942}") = "두번째파일", "두번째파일\두번째파일.vcxproj", "{2235B425-D02D-4746-A831-C9409110C894}"
EndProject
Project("{8BC9CEB8-8B4A-11D0-8D11-00A0C91BC942}") = "01번", "01번\01번.vcxproj", "{032BA2C0-4692-4338-A4EE-A2697DE1298F}"
EndProject
Project("{8BC9CEB8-8B4A-11D0-8D11-00A0C91BC942}") = "02", "02\02.vcxproj", "{EE46F15B-D044-4350-A1C3-23CD985870F4}"
EndProject
Project("{8BC9CEB8-8B4A-11D0-8D11-00A0C91BC942}") = "03", "03\03.vcxproj", "{52197BC7-9039-40C0-96B7-FB2DBC5A059A}"
EndProject
Project("{8BC9CEB8-8B4A-11D0-8D11-00A0C91BC942}") = "04", "04\04.vcxproj", "{BC5EED3A-4776-4447-8F57-41D4F058F8DD}"
EndProject
Project("{8BC9CEB8-8B4A-11D0-8D11-00A0C91BC942}") = "05", "05\05.vcxproj", "{B7030C81-686D-4C00-9001-080F906D1105}"
EndProject
Project("{8BC9CEB8-8B4A-11D0-8D11-00A0C91BC942}") = "07", "07\07.vcxproj", "{F71C6611-8285-4A3A-AA11-334669709358}"
EndProject
Project("{8BC9CEB8-8B4A-11D0-8D11-00A0C91BC942}") = "06", "06\06.vcxproj", "{74CE0683-DCD3-4AE5-8090-6A1876060F8E}"
EndProject
Project("{8BC9CEB8-8B4A-11D0-8D11-00A0C91BC942}") = "08", "08\08.vcxproj", "{667E9B05-FDE3-45E5-9E13-5C8B9CDBA8D1}"
EndProject
Project("{8BC9CEB8-8B4A-11D0-8D11-00A0C91BC942}") = "12", "12\12.vcxproj", "{1E4CBD1A-7FE0-4CD9-9325-B972AECC43CE}"
EndProject
Project("{8BC9CEB8-8B4A-11D0-8D11-00A0C91BC942}") = "09", "09\09.vcxproj", "{0E9736A0-32F9-4E56-9BB2-3F892E423BED}"
EndProject
Project("{8BC9CEB8-8B4A-11D0-8D11-00A0C91BC942}") = "10", "10\10.vcxproj", "{5202501A-779A-4D63-A323-1061E6CF31A4}"
EndProject
Project("{8BC9CEB8-8B4A-11D0-8D11-00A0C91BC942}") = "11", "11\11.vcxproj", "{5E044C12-0B5B-4F18-9EF5-BB604C84A2BD}"
EndProject
Project("{8BC9CEB8-8B4A-11D0-8D11-00A0C91BC942}") = "더하기", "더하기\더하기.vcxproj", "{F29C07CC-DC16-46A2-8D98-9907FC773651}"
EndProject
Global
	GlobalSection(SolutionConfigurationPlatforms) = preSolution
		Debug|x64 = Debug|x64
		Debug|x86 = Debug|x86
		Release|x64 = Release|x64
		Release|x86 = Release|x86
	EndGlobalSection
	GlobalSection(ProjectConfigurationPlatforms) = postSolution
		{2BE8CC42-92F8-4FC9-8FF9-1F1C78205244}.Debug|x64.ActiveCfg = Debug|x64
		{2BE8CC42-92F8-4FC9-8FF9-1F1C78205244}.Debug|x64.Build.0 = Debug|x64
		{2BE8CC42-92F8-4FC9-8FF9-1F1C78205244}.Debug|x86.ActiveCfg = Debug|Win32
		{2BE8CC42-92F8-4FC9-8FF9-1F1C78205244}.Debug|x86.Build.0 = Debug|Win32
		{2BE8CC42-92F8-4FC9-8FF9-1F1C78205244}.Release|x64.ActiveCfg = Release|x64
		{2BE8CC42-92F8-4FC9-8FF9-1F1C78205244}.Release|x64.Build.0 = Release|x64
		{2BE8CC42-92F8-4FC9-8FF9-1F1C78205244}.Release|x86.ActiveCfg = Release|Win32
		{2BE8CC42-92F8-4FC9-8FF9-1F1C78205244}.Release|x86.Build.0 = Release|Win32
		{2235B425-D02D-4746-A831-C9409110C894}.Debug|x64.ActiveCfg = Debug|x64
		{2235B425-D02D-4746-A831-C9409110C894}.Debug|x64.Build.0 = Debug|x64
		{2235B425-D02D-4746-A831-C9409110C894}.Debug|x86.ActiveCfg = Debug|Win32
		{2235B425-D02D-4746-A831-C9409110C894}.Debug|x86.Build.0 = Debug|Win32
		{2235B425-D02D-4746-A831-C9409110C894}.Release|x64.ActiveCfg = Release|x64
		{2235B425-D02D-4746-A831-C9409110C894}.Release|x64.Build.0 = Release|x64
		{2235B425-D02D-4746-A831-C9409110C894}.Release|x86.ActiveCfg = Release|Win32
		{2235B425-D02D-4746-A831-C9409110C894}.Release|x86.Build.0 = Release|Win32
		{032BA2C0-4692-4338-A4EE-A2697DE1298F}.Debug|x64.ActiveCfg = Debug|x64
		{032BA2C0-4692-4338-A4EE-A2697DE1298F}.Debug|x64.Build.0 = Debug|x64
		{032BA2C0-4692-4338-A4EE-A2697DE1298F}.Debug|x86.ActiveCfg = Debug|Win32
		{032BA2C0-4692-4338-A4EE-A2697DE1298F}.Debug|x86.Build.0 = Debug|Win32
		{032BA2C0-4692-4338-A4EE-A2697DE1298F}.Release|x64.ActiveCfg = Release|x64
		{032BA2C0-4692-4338-A4EE-A2697DE1298F}.Release|x64.Build.0 = Release|x64
		{032BA2C0-4692-4338-A4EE-A2697DE1298F}.Release|x86.ActiveCfg = Release|Win32
		{032BA2C0-4692-4338-A4EE-A2697DE1298F}.Release|x86.Build.0 = Release|Win32
		{EE46F15B-D044-4350-A1C3-23CD985870F4}.Debug|x64.ActiveCfg = Debug|x64
		{EE46F15B-D044-4350-A1C3-23CD985870F4}.Debug|x64.Build.0 = Debug|x64
		{EE46F15B-D044-4350-A1C3-23CD985870F4}.Debug|x86.ActiveCfg = Debug|Win32
		{EE46F15B-D044-4350-A1C3-23CD985870F4}.Debug|x86.Build.0 = Debug|Win32
		{EE46F15B-D044-4350-A1C3-23CD985870F4}.Release|x64.ActiveCfg = Release|x64
		{EE46F15B-D044-4350-A1C3-23CD985870F4}.Release|x64.Build.0 = Release|x64
		{EE46F15B-D044-4350-A1C3-23CD985870F4}.Release|x86.ActiveCfg = Release|Win32
		{EE46F15B-D044-4350-A1C3-23CD985870F4}.Release|x86.Build.0 = Release|Win32
		{52197BC7-9039-40C0-96B7-FB2DBC5A059A}.Debug|x64.ActiveCfg = Debug|x64
		{52197BC7-9039-40C0-96B7-FB2DBC5A059A}.Debug|x64.Build.0 = Debug|x64
		{52197BC7-9039-40C0-96B7-FB2DBC5A059A}.Debug|x86.ActiveCfg = Debug|Win32
		{52197BC7-9039-40C0-96B7-FB2DBC5A059A}.Debug|x86.Build.0 = Debug|Win32
		{52197BC7-9039-40C0-96B7-FB2DBC5A059A}.Release|x64.ActiveCfg = Release|x64
		{52197BC7-9039-40C0-96B7-FB2DBC5A059A}.Release|x64.Build.0 = Release|x64
		{52197BC7-9039-40C0-96B7-FB2DBC5A059A}.Release|x86.ActiveCfg = Release|Win32
		{52197BC7-9039-40C0-96B7-FB2DBC5A059A}.Release|x86.Build.0 = Release|Win32
		{BC5EED3A-4776-4447-8F57-41D4F058F8DD}.Debug|x64.ActiveCfg = Debug|x64
		{BC5EED3A-4776-4447-8F57-41D4F058F8DD}.Debug|x64.Build.0 = Debug|x64
		{BC5EED3A-4776-4447-8F57-41D4F058F8DD}.Debug|x86.ActiveCfg = Debug|Win32
		{BC5EED3A-4776-4447-8F57-41D4F058F8DD}.Debug|x86.Build.0 = Debug|Win32
		{BC5EED3A-4776-4447-8F57-41D4F058F8DD}.Release|x64.ActiveCfg = Release|x64
		{BC5EED3A-4776-4447-8F57-41D4F058F8DD}.Release|x64.Build.0 = Release|x64
		{BC5EED3A-4776-4447-8F57-41D4F058F8DD}.Release|x86.ActiveCfg = Release|Win32
		{BC5EED3A-4776-4447-8F57-41D4F058F8DD}.Release|x86.Build.0 = Release|Win32
		{B7030C81-686D-4C00-9001-080F906D1105}.Debug|x64.ActiveCfg = Debug|x64
		{B7030C81-686D-4C00-9001-080F906D1105}.Debug|x64.Build.0 = Debug|x64
		{B7030C81-686D-4C00-9001-080F906D1105}.Debug|x86.ActiveCfg = Debug|Win32
		{B7030C81-686D-4C00-9001-080F906D1105}.Debug|x86.Build.0 = Debug|Win32
		{B7030C81-686D-4C00-9001-080F906D1105}.Release|x64.ActiveCfg = Release|x64
		{B7030C81-686D-4C00-9001-080F906D1105}.Release|x64.Build.0 = Release|x64
		{B7030C81-686D-4C00-9001-080F906D1105}.Release|x86.ActiveCfg = Release|Win32
		{B7030C81-686D-4C00-9001-080F906D1105}.Release|x86.Build.0 = Release|Win32
		{F71C6611-8285-4A3A-AA11-334669709358}.Debug|x64.ActiveCfg = Debug|x64
		{F71C6611-8285-4A3A-AA11-334669709358}.Debug|x64.Build.0 = Debug|x64
		{F71C6611-8285-4A3A-AA11-334669709358}.Debug|x86.ActiveCfg = Debug|Win32
		{F71C6611-8285-4A3A-AA11-334669709358}.Debug|x86.Build.0 = Debug|Win32
		{F71C6611-8285-4A3A-AA11-334669709358}.Release|x64.ActiveCfg = Release|x64
		{F71C6611-8285-4A3A-AA11-334669709358}.Release|x64.Build.0 = Release|x64
		{F71C6611-8285-4A3A-AA11-334669709358}.Release|x86.ActiveCfg = Release|Win32
		{F71C6611-8285-4A3A-AA11-334669709358}.Release|x86.Build.0 = Release|Win32
		{74CE0683-DCD3-4AE5-8090-6A1876060F8E}.Debug|x64.ActiveCfg = Debug|x64
		{74CE0683-DCD3-4AE5-8090-6A1876060F8E}.Debug|x64.Build.0 = Debug|x64
		{74CE0683-DCD3-4AE5-8090-6A1876060F8E}.Debug|x86.ActiveCfg = Debug|Win32
		{74CE0683-DCD3-4AE5-8090-6A1876060F8E}.Debug|x86.Build.0 = Debug|Win32
		{74CE0683-DCD3-4AE5-8090-6A1876060F8E}.Release|x64.ActiveCfg = Release|x64
		{74CE0683-DCD3-4AE5-8090-6A1876060F8E}.Release|x64.Build.0 = Release|x64
		{74CE0683-DCD3-4AE5-8090-6A1876060F8E}.Release|x86.ActiveCfg = Release|Win32
		{74CE0683-DCD3-4AE5-8090-6A1876060F8E}.Release|x86.Build.0 = Release|Win32
		{667E9B05-FDE3-45E5-9E13-5C8B9CDBA8D1}.Debug|x64.ActiveCfg = Debug|x64
		{667E9B05-FDE3-45E5-9E13-5C8B9CDBA8D1}.Debug|x64.Build.0 = Debug|x64
		{667E9B05-FDE3-45E5-9E13-5C8B9CDBA8D1}.Debug|x86.ActiveCfg = Debug|Win32
		{667E9B05-FDE3-45E5-9E13-5C8B9CDBA8D1}.Debug|x86.Build.0 = Debug|Win32
		{667E9B05-FDE3-45E5-9E13-5C8B9CDBA8D1}.Release|x64.ActiveCfg = Release|x64
		{667E9B05-FDE3-45E5-9E13-5C8B9CDBA8D1}.Release|x64.Build.0 = Release|x64
		{667E9B05-FDE3-45E5-9E13-5C8B9CDBA8D1}.Release|x86.ActiveCfg = Release|Win32
		{667E9B05-FDE3-45E5-9E13-5C8B9CDBA8D1}.Release|x86.Build.0 = Release|Win32
		{1E4CBD1A-7FE0-4CD9-9325-B972AECC43CE}.Debug|x64.ActiveCfg = Debug|x64
		{1E4CBD1A-7FE0-4CD9-9325-B972AECC43CE}.Debug|x64.Build.0 = Debug|x64
		{1E4CBD1A-7FE0-4CD9-9325-B972AECC43CE}.Debug|x86.ActiveCfg = Debug|Win32
		{1E4CBD1A-7FE0-4CD9-9325-B972AECC43CE}.Debug|x86.Build.0 = Debug|Win32
		{1E4CBD1A-7FE0-4CD9-9325-B972AECC43CE}.Release|x64.ActiveCfg = Release|x64
		{1E4CBD1A-7FE0-4CD9-9325-B972AECC43CE}.Release|x64.Build.0 = Release|x64
		{1E4CBD1A-7FE0-4CD9-9325-B972AECC43CE}.Release|x86.ActiveCfg = Release|Win32
		{1E4CBD1A-7FE0-4CD9-9325-B972AECC43CE}.Release|x86.Build.0 = Release|Win32
		{0E9736A0-32F9-4E56-9BB2-3F892E423BED}.Debug|x64.ActiveCfg = Debug|x64
		{0E9736A0-32F9-4E56-9BB2-3F892E423BED}.Debug|x64.Build.0 = Debug|x64
		{0E9736A0-32F9-4E56-9BB2-3F892E423BED}.Debug|x86.ActiveCfg = Debug|Win32
		{0E9736A0-32F9-4E56-9BB2-3F892E423BED}.Debug|x86.Build.0 = Debug|Win32
		{0E9736A0-32F9-4E56-9BB2-3F892E423BED}.Release|x64.ActiveCfg = Release|x64
		{0E9736A0-32F9-4E56-9BB2-3F892E423BED}.Release|x64.Build.0 = Release|x64
		{0E9736A0-32F9-4E56-9BB2-3F892E423BED}.Release|x86.ActiveCfg = Release|Win32
		{0E9736A0-32F9-4E56-9BB2-3F892E423BED}.Release|x86.Build.0 = Release|Win32
		{5202501A-779A-4D63-A323-1061E6CF31A4}.Debug|x64.ActiveCfg = Debug|x64
		{5202501A-779A-4D63-A323-1061E6CF31A4}.Debug|x64.Build.0 = Debug|x64
		{5202501A-779A-4D63-A323-1061E6CF31A4}.Debug|x86.ActiveCfg = Debug|Win32
		{5202501A-779A-4D63-A323-1061E6CF31A4}.Debug|x86.Build.0 = Debug|Win32
		{5202501A-779A-4D63-A323-1061E6CF31A4}.Release|x64.ActiveCfg = Release|x64
		{5202501A-779A-4D63-A323-1061E6CF31A4}.Release|x64.Build.0 = Release|x64
		{5202501A-779A-4D63-A323-1061E6CF31A4}.Release|x86.ActiveCfg = Release|Win32
		{5202501A-779A-4D63-A323-1061E6CF31A4}.Release|x86.Build.0 = Release|Win32
		{5E044C12-0B5B-4F18-9EF5-BB604C84A2BD}.Debug|x64.ActiveCfg = Debug|x64
		{5E044C12-0B5B-4F18-9EF5-BB604C84A2BD}.Debug|x64.Build.0 = Debug|x64
		{5E044C12-0B5B-4F18-9EF5-BB604C84A2BD}.Debug|x86.ActiveCfg = Debug|Win32
		{5E044C12-0B5B-4F18-9EF5-BB604C84A2BD}.Debug|x86.Build.0 = Debug|Win32
		{5E044C12-0B5B-4F18-9EF5-BB604C84A2BD}.Release|x64.ActiveCfg = Release|x64
		{5E044C12-0B5B-4F18-9EF5-BB604C84A2BD}.Release|x64.Build.0 = Release|x64
		{5E044C12-0B5B-4F18-9EF5-BB604C84A2BD}.Release|x86.ActiveCfg = Release|Win32
		{5E044C12-0B5B-4F18-9EF5-BB604C84A2BD}.Release|x86.Build.0 = Release|Win32
		{F29C07CC-DC16-46A2-8D98-9907FC773651}.Debug|x64.ActiveCfg = Debug|x64
		{F29C07CC-DC16-46A2-8D98-9907FC773651}.Debug|x64.Build.0 = Debug|x64
		{F29C07CC-DC16-46A2-8D98-9907FC773651}.Debug|x86.ActiveCfg = Debug|Win32
		{F29C07CC-DC16-46A2-8D98-9907FC773651}.Debug|x86.Build.0 = Debug|Win32
		{F29C07CC-DC16-46A2-8D98-9907FC773651}.Release|x64.ActiveCfg = Release|x64
		{F29C07CC-DC16-46A2-8D98-9907FC773651}.Release|x64.Build.0 = Release|x64
		{F29C07CC-DC16-46A2-8D98-9907FC773651}.Release|x86.ActiveCfg = Release|Win32
		{F29C07CC-DC16-46A2-8D98-9907FC773651}.Release|x86.Build.0 = Release|Win32
	EndGlobalSection
	GlobalSection(SolutionProperties) = preSolution
		HideSolutionNode = FALSE
	EndGlobalSection
	GlobalSection(ExtensibilityGlobals) = postSolution
		SolutionGuid = {26CB67A6-B6E9-4370-9A2E-4690728B658F}
	EndGlobalSection
EndGlobal
