
Microsoft Visual Studio Solution File, Format Version 12.00
# Visual Studio 15
VisualStudioVersion = 15.0.28307.271
MinimumVisualStudioVersion = 10.0.40219.1
Project("{8BC9CEB8-8B4A-11D0-8D11-00A0C91BC942}") = "3장,4장 연습문제", "3장 연습문제\3장 연습문제.vcxproj", "{C8C0D30C-729D-43C5-B05C-EA4227EA104F}"
EndProject
Project("{8BC9CEB8-8B4A-11D0-8D11-00A0C91BC942}") = "3장 01", "01\01.vcxproj", "{D21094CA-6B45-49A8-82C6-FF0050CC277C}"
EndProject
Project("{8BC9CEB8-8B4A-11D0-8D11-00A0C91BC942}") = "4장 1번", "02\02.vcxproj", "{CB88E12D-CC95-4AD5-94E4-755992DC1112}"
EndProject
Project("{8BC9CEB8-8B4A-11D0-8D11-00A0C91BC942}") = "4장 2번", "4장 2번\4장 2번.vcxproj", "{21453CA9-F81E-4D21-9BAA-5F628275CC03}"
EndProject
Project("{8BC9CEB8-8B4A-11D0-8D11-00A0C91BC942}") = "4장 3번", "4장 3번\4장 3번.vcxproj", "{9542B40B-893B-4BC9-AE54-1ED418D64A79}"
EndProject
Project("{8BC9CEB8-8B4A-11D0-8D11-00A0C91BC942}") = "4장 4번", "4장 4번\4장 4번.vcxproj", "{ADF2E9D9-EDBE-47F2-A875-DB866835E83F}"
EndProject
Project("{8BC9CEB8-8B4A-11D0-8D11-00A0C91BC942}") = "4장 5번", "4장 5번\4장 5번.vcxproj", "{884E63FE-A586-42B6-911D-07028BC1166E}"
EndProject
Project("{8BC9CEB8-8B4A-11D0-8D11-00A0C91BC942}") = "4장 6번", "4장 6번\4장 6번.vcxproj", "{D984172A-DA83-48EB-B48A-B3BDC0EB7065}"
EndProject
Project("{8BC9CEB8-8B4A-11D0-8D11-00A0C91BC942}") = "4장 7번", "4장 7번\4장 7번.vcxproj", "{5BBDA432-5792-49AE-B91D-090A0B498810}"
EndProject
Project("{8BC9CEB8-8B4A-11D0-8D11-00A0C91BC942}") = "4장 8번", "4장 8번\4장 8번.vcxproj", "{51DF76AA-DA20-4DEA-BC71-8BCF2B886F8A}"
EndProject
Global
	GlobalSection(SolutionConfigurationPlatforms) = preSolution
		Debug|x64 = Debug|x64
		Debug|x86 = Debug|x86
		Release|x64 = Release|x64
		Release|x86 = Release|x86
	EndGlobalSection
	GlobalSection(ProjectConfigurationPlatforms) = postSolution
		{C8C0D30C-729D-43C5-B05C-EA4227EA104F}.Debug|x64.ActiveCfg = Debug|x64
		{C8C0D30C-729D-43C5-B05C-EA4227EA104F}.Debug|x64.Build.0 = Debug|x64
		{C8C0D30C-729D-43C5-B05C-EA4227EA104F}.Debug|x86.ActiveCfg = Debug|Win32
		{C8C0D30C-729D-43C5-B05C-EA4227EA104F}.Debug|x86.Build.0 = Debug|Win32
		{C8C0D30C-729D-43C5-B05C-EA4227EA104F}.Release|x64.ActiveCfg = Release|x64
		{C8C0D30C-729D-43C5-B05C-EA4227EA104F}.Release|x64.Build.0 = Release|x64
		{C8C0D30C-729D-43C5-B05C-EA4227EA104F}.Release|x86.ActiveCfg = Release|Win32
		{C8C0D30C-729D-43C5-B05C-EA4227EA104F}.Release|x86.Build.0 = Release|Win32
		{D21094CA-6B45-49A8-82C6-FF0050CC277C}.Debug|x64.ActiveCfg = Debug|x64
		{D21094CA-6B45-49A8-82C6-FF0050CC277C}.Debug|x64.Build.0 = Debug|x64
		{D21094CA-6B45-49A8-82C6-FF0050CC277C}.Debug|x86.ActiveCfg = Debug|Win32
		{D21094CA-6B45-49A8-82C6-FF0050CC277C}.Debug|x86.Build.0 = Debug|Win32
		{D21094CA-6B45-49A8-82C6-FF0050CC277C}.Release|x64.ActiveCfg = Release|x64
		{D21094CA-6B45-49A8-82C6-FF0050CC277C}.Release|x64.Build.0 = Release|x64
		{D21094CA-6B45-49A8-82C6-FF0050CC277C}.Release|x86.ActiveCfg = Release|Win32
		{D21094CA-6B45-49A8-82C6-FF0050CC277C}.Release|x86.Build.0 = Release|Win32
		{CB88E12D-CC95-4AD5-94E4-755992DC1112}.Debug|x64.ActiveCfg = Debug|x64
		{CB88E12D-CC95-4AD5-94E4-755992DC1112}.Debug|x64.Build.0 = Debug|x64
		{CB88E12D-CC95-4AD5-94E4-755992DC1112}.Debug|x86.ActiveCfg = Debug|Win32
		{CB88E12D-CC95-4AD5-94E4-755992DC1112}.Debug|x86.Build.0 = Debug|Win32
		{CB88E12D-CC95-4AD5-94E4-755992DC1112}.Release|x64.ActiveCfg = Release|x64
		{CB88E12D-CC95-4AD5-94E4-755992DC1112}.Release|x64.Build.0 = Release|x64
		{CB88E12D-CC95-4AD5-94E4-755992DC1112}.Release|x86.ActiveCfg = Release|Win32
		{CB88E12D-CC95-4AD5-94E4-755992DC1112}.Release|x86.Build.0 = Release|Win32
		{21453CA9-F81E-4D21-9BAA-5F628275CC03}.Debug|x64.ActiveCfg = Debug|x64
		{21453CA9-F81E-4D21-9BAA-5F628275CC03}.Debug|x64.Build.0 = Debug|x64
		{21453CA9-F81E-4D21-9BAA-5F628275CC03}.Debug|x86.ActiveCfg = Debug|Win32
		{21453CA9-F81E-4D21-9BAA-5F628275CC03}.Debug|x86.Build.0 = Debug|Win32
		{21453CA9-F81E-4D21-9BAA-5F628275CC03}.Release|x64.ActiveCfg = Release|x64
		{21453CA9-F81E-4D21-9BAA-5F628275CC03}.Release|x64.Build.0 = Release|x64
		{21453CA9-F81E-4D21-9BAA-5F628275CC03}.Release|x86.ActiveCfg = Release|Win32
		{21453CA9-F81E-4D21-9BAA-5F628275CC03}.Release|x86.Build.0 = Release|Win32
		{9542B40B-893B-4BC9-AE54-1ED418D64A79}.Debug|x64.ActiveCfg = Debug|x64
		{9542B40B-893B-4BC9-AE54-1ED418D64A79}.Debug|x64.Build.0 = Debug|x64
		{9542B40B-893B-4BC9-AE54-1ED418D64A79}.Debug|x86.ActiveCfg = Debug|Win32
		{9542B40B-893B-4BC9-AE54-1ED418D64A79}.Debug|x86.Build.0 = Debug|Win32
		{9542B40B-893B-4BC9-AE54-1ED418D64A79}.Release|x64.ActiveCfg = Release|x64
		{9542B40B-893B-4BC9-AE54-1ED418D64A79}.Release|x64.Build.0 = Release|x64
		{9542B40B-893B-4BC9-AE54-1ED418D64A79}.Release|x86.ActiveCfg = Release|Win32
		{9542B40B-893B-4BC9-AE54-1ED418D64A79}.Release|x86.Build.0 = Release|Win32
		{ADF2E9D9-EDBE-47F2-A875-DB866835E83F}.Debug|x64.ActiveCfg = Debug|x64
		{ADF2E9D9-EDBE-47F2-A875-DB866835E83F}.Debug|x64.Build.0 = Debug|x64
		{ADF2E9D9-EDBE-47F2-A875-DB866835E83F}.Debug|x86.ActiveCfg = Debug|Win32
		{ADF2E9D9-EDBE-47F2-A875-DB866835E83F}.Debug|x86.Build.0 = Debug|Win32
		{ADF2E9D9-EDBE-47F2-A875-DB866835E83F}.Release|x64.ActiveCfg = Release|x64
		{ADF2E9D9-EDBE-47F2-A875-DB866835E83F}.Release|x64.Build.0 = Release|x64
		{ADF2E9D9-EDBE-47F2-A875-DB866835E83F}.Release|x86.ActiveCfg = Release|Win32
		{ADF2E9D9-EDBE-47F2-A875-DB866835E83F}.Release|x86.Build.0 = Release|Win32
		{884E63FE-A586-42B6-911D-07028BC1166E}.Debug|x64.ActiveCfg = Debug|x64
		{884E63FE-A586-42B6-911D-07028BC1166E}.Debug|x64.Build.0 = Debug|x64
		{884E63FE-A586-42B6-911D-07028BC1166E}.Debug|x86.ActiveCfg = Debug|Win32
		{884E63FE-A586-42B6-911D-07028BC1166E}.Debug|x86.Build.0 = Debug|Win32
		{884E63FE-A586-42B6-911D-07028BC1166E}.Release|x64.ActiveCfg = Release|x64
		{884E63FE-A586-42B6-911D-07028BC1166E}.Release|x64.Build.0 = Release|x64
		{884E63FE-A586-42B6-911D-07028BC1166E}.Release|x86.ActiveCfg = Release|Win32
		{884E63FE-A586-42B6-911D-07028BC1166E}.Release|x86.Build.0 = Release|Win32
		{D984172A-DA83-48EB-B48A-B3BDC0EB7065}.Debug|x64.ActiveCfg = Debug|x64
		{D984172A-DA83-48EB-B48A-B3BDC0EB7065}.Debug|x64.Build.0 = Debug|x64
		{D984172A-DA83-48EB-B48A-B3BDC0EB7065}.Debug|x86.ActiveCfg = Debug|Win32
		{D984172A-DA83-48EB-B48A-B3BDC0EB7065}.Debug|x86.Build.0 = Debug|Win32
		{D984172A-DA83-48EB-B48A-B3BDC0EB7065}.Release|x64.ActiveCfg = Release|x64
		{D984172A-DA83-48EB-B48A-B3BDC0EB7065}.Release|x64.Build.0 = Release|x64
		{D984172A-DA83-48EB-B48A-B3BDC0EB7065}.Release|x86.ActiveCfg = Release|Win32
		{D984172A-DA83-48EB-B48A-B3BDC0EB7065}.Release|x86.Build.0 = Release|Win32
		{5BBDA432-5792-49AE-B91D-090A0B498810}.Debug|x64.ActiveCfg = Debug|x64
		{5BBDA432-5792-49AE-B91D-090A0B498810}.Debug|x64.Build.0 = Debug|x64
		{5BBDA432-5792-49AE-B91D-090A0B498810}.Debug|x86.ActiveCfg = Debug|Win32
		{5BBDA432-5792-49AE-B91D-090A0B498810}.Debug|x86.Build.0 = Debug|Win32
		{5BBDA432-5792-49AE-B91D-090A0B498810}.Release|x64.ActiveCfg = Release|x64
		{5BBDA432-5792-49AE-B91D-090A0B498810}.Release|x64.Build.0 = Release|x64
		{5BBDA432-5792-49AE-B91D-090A0B498810}.Release|x86.ActiveCfg = Release|Win32
		{5BBDA432-5792-49AE-B91D-090A0B498810}.Release|x86.Build.0 = Release|Win32
		{51DF76AA-DA20-4DEA-BC71-8BCF2B886F8A}.Debug|x64.ActiveCfg = Debug|x64
		{51DF76AA-DA20-4DEA-BC71-8BCF2B886F8A}.Debug|x64.Build.0 = Debug|x64
		{51DF76AA-DA20-4DEA-BC71-8BCF2B886F8A}.Debug|x86.ActiveCfg = Debug|Win32
		{51DF76AA-DA20-4DEA-BC71-8BCF2B886F8A}.Debug|x86.Build.0 = Debug|Win32
		{51DF76AA-DA20-4DEA-BC71-8BCF2B886F8A}.Release|x64.ActiveCfg = Release|x64
		{51DF76AA-DA20-4DEA-BC71-8BCF2B886F8A}.Release|x64.Build.0 = Release|x64
		{51DF76AA-DA20-4DEA-BC71-8BCF2B886F8A}.Release|x86.ActiveCfg = Release|Win32
		{51DF76AA-DA20-4DEA-BC71-8BCF2B886F8A}.Release|x86.Build.0 = Release|Win32
	EndGlobalSection
	GlobalSection(SolutionProperties) = preSolution
		HideSolutionNode = FALSE
	EndGlobalSection
	GlobalSection(ExtensibilityGlobals) = postSolution
		SolutionGuid = {D02D4395-E899-4A5A-9C9F-AA2A129B7814}
	EndGlobalSection
EndGlobal
