
Microsoft Visual Studio Solution File, Format Version 12.00
# Visual Studio 15
VisualStudioVersion = 15.0.28307.852
MinimumVisualStudioVersion = 10.0.40219.1
Project("{8BC9CEB8-8B4A-11D0-8D11-00A0C91BC942}") = "01", "10장\10장.vcxproj", "{37999CF4-32FA-49C0-BFE3-BA00D09B9EDA}"
EndProject
Project("{8BC9CEB8-8B4A-11D0-8D11-00A0C91BC942}") = "02", "02\02.vcxproj", "{C7D584D8-893D-4F19-B5A8-11CE64124FF2}"
EndProject
Project("{8BC9CEB8-8B4A-11D0-8D11-00A0C91BC942}") = "03", "03\03.vcxproj", "{38A7197B-06C1-43E9-9AD1-022CF1C8A291}"
EndProject
Project("{8BC9CEB8-8B4A-11D0-8D11-00A0C91BC942}") = "04", "04\04.vcxproj", "{AB073428-3B1D-4FC8-82D5-2570BB15AACB}"
EndProject
Project("{8BC9CEB8-8B4A-11D0-8D11-00A0C91BC942}") = "05", "05\05.vcxproj", "{B1734B07-81BB-43A8-93AF-43F1AF1ED439}"
EndProject
Project("{8BC9CEB8-8B4A-11D0-8D11-00A0C91BC942}") = "06", "06\06.vcxproj", "{E9B68FB1-7F60-4245-B850-9CEBA29F0193}"
EndProject
Project("{8BC9CEB8-8B4A-11D0-8D11-00A0C91BC942}") = "07", "07\07.vcxproj", "{922227B8-5E65-4E9F-AAA0-5DE5AF6D0B09}"
EndProject
Project("{8BC9CEB8-8B4A-11D0-8D11-00A0C91BC942}") = "08(1)", "08(1)\08(1).vcxproj", "{74AC70AC-8942-4F89-81D3-D691884EEBC6}"
EndProject
Project("{8BC9CEB8-8B4A-11D0-8D11-00A0C91BC942}") = "09", "09\09.vcxproj", "{2E562666-C6F7-4810-8EA2-9038CF46C7F4}"
EndProject
Project("{8BC9CEB8-8B4A-11D0-8D11-00A0C91BC942}") = "10", "10\10.vcxproj", "{BC0A3F61-0B14-4E45-A5B5-C544537E2053}"
EndProject
Project("{8BC9CEB8-8B4A-11D0-8D11-00A0C91BC942}") = "11", "11\11.vcxproj", "{DD237D82-A8D3-4A2A-97BB-8C4FE0010C9B}"
EndProject
Project("{8BC9CEB8-8B4A-11D0-8D11-00A0C91BC942}") = "12", "12\12.vcxproj", "{E1D2BE06-1378-4EC6-A3A5-5A3C432D9602}"
EndProject
Project("{8BC9CEB8-8B4A-11D0-8D11-00A0C91BC942}") = "13", "13\13.vcxproj", "{EA4BBB47-87C6-449D-997B-E714AB6FF672}"
EndProject
Project("{8BC9CEB8-8B4A-11D0-8D11-00A0C91BC942}") = "15", "15\15.vcxproj", "{B3880616-7F58-48FE-B52F-B7D5A88E4530}"
EndProject
Global
	GlobalSection(SolutionConfigurationPlatforms) = preSolution
		Debug|x64 = Debug|x64
		Debug|x86 = Debug|x86
		Release|x64 = Release|x64
		Release|x86 = Release|x86
	EndGlobalSection
	GlobalSection(ProjectConfigurationPlatforms) = postSolution
		{37999CF4-32FA-49C0-BFE3-BA00D09B9EDA}.Debug|x64.ActiveCfg = Debug|x64
		{37999CF4-32FA-49C0-BFE3-BA00D09B9EDA}.Debug|x64.Build.0 = Debug|x64
		{37999CF4-32FA-49C0-BFE3-BA00D09B9EDA}.Debug|x86.ActiveCfg = Debug|Win32
		{37999CF4-32FA-49C0-BFE3-BA00D09B9EDA}.Debug|x86.Build.0 = Debug|Win32
		{37999CF4-32FA-49C0-BFE3-BA00D09B9EDA}.Release|x64.ActiveCfg = Release|x64
		{37999CF4-32FA-49C0-BFE3-BA00D09B9EDA}.Release|x64.Build.0 = Release|x64
		{37999CF4-32FA-49C0-BFE3-BA00D09B9EDA}.Release|x86.ActiveCfg = Release|Win32
		{37999CF4-32FA-49C0-BFE3-BA00D09B9EDA}.Release|x86.Build.0 = Release|Win32
		{C7D584D8-893D-4F19-B5A8-11CE64124FF2}.Debug|x64.ActiveCfg = Debug|x64
		{C7D584D8-893D-4F19-B5A8-11CE64124FF2}.Debug|x64.Build.0 = Debug|x64
		{C7D584D8-893D-4F19-B5A8-11CE64124FF2}.Debug|x86.ActiveCfg = Debug|Win32
		{C7D584D8-893D-4F19-B5A8-11CE64124FF2}.Debug|x86.Build.0 = Debug|Win32
		{C7D584D8-893D-4F19-B5A8-11CE64124FF2}.Release|x64.ActiveCfg = Release|x64
		{C7D584D8-893D-4F19-B5A8-11CE64124FF2}.Release|x64.Build.0 = Release|x64
		{C7D584D8-893D-4F19-B5A8-11CE64124FF2}.Release|x86.ActiveCfg = Release|Win32
		{C7D584D8-893D-4F19-B5A8-11CE64124FF2}.Release|x86.Build.0 = Release|Win32
		{38A7197B-06C1-43E9-9AD1-022CF1C8A291}.Debug|x64.ActiveCfg = Debug|x64
		{38A7197B-06C1-43E9-9AD1-022CF1C8A291}.Debug|x64.Build.0 = Debug|x64
		{38A7197B-06C1-43E9-9AD1-022CF1C8A291}.Debug|x86.ActiveCfg = Debug|Win32
		{38A7197B-06C1-43E9-9AD1-022CF1C8A291}.Debug|x86.Build.0 = Debug|Win32
		{38A7197B-06C1-43E9-9AD1-022CF1C8A291}.Release|x64.ActiveCfg = Release|x64
		{38A7197B-06C1-43E9-9AD1-022CF1C8A291}.Release|x64.Build.0 = Release|x64
		{38A7197B-06C1-43E9-9AD1-022CF1C8A291}.Release|x86.ActiveCfg = Release|Win32
		{38A7197B-06C1-43E9-9AD1-022CF1C8A291}.Release|x86.Build.0 = Release|Win32
		{AB073428-3B1D-4FC8-82D5-2570BB15AACB}.Debug|x64.ActiveCfg = Debug|x64
		{AB073428-3B1D-4FC8-82D5-2570BB15AACB}.Debug|x64.Build.0 = Debug|x64
		{AB073428-3B1D-4FC8-82D5-2570BB15AACB}.Debug|x86.ActiveCfg = Debug|Win32
		{AB073428-3B1D-4FC8-82D5-2570BB15AACB}.Debug|x86.Build.0 = Debug|Win32
		{AB073428-3B1D-4FC8-82D5-2570BB15AACB}.Release|x64.ActiveCfg = Release|x64
		{AB073428-3B1D-4FC8-82D5-2570BB15AACB}.Release|x64.Build.0 = Release|x64
		{AB073428-3B1D-4FC8-82D5-2570BB15AACB}.Release|x86.ActiveCfg = Release|Win32
		{AB073428-3B1D-4FC8-82D5-2570BB15AACB}.Release|x86.Build.0 = Release|Win32
		{B1734B07-81BB-43A8-93AF-43F1AF1ED439}.Debug|x64.ActiveCfg = Debug|x64
		{B1734B07-81BB-43A8-93AF-43F1AF1ED439}.Debug|x64.Build.0 = Debug|x64
		{B1734B07-81BB-43A8-93AF-43F1AF1ED439}.Debug|x86.ActiveCfg = Debug|Win32
		{B1734B07-81BB-43A8-93AF-43F1AF1ED439}.Debug|x86.Build.0 = Debug|Win32
		{B1734B07-81BB-43A8-93AF-43F1AF1ED439}.Release|x64.ActiveCfg = Release|x64
		{B1734B07-81BB-43A8-93AF-43F1AF1ED439}.Release|x64.Build.0 = Release|x64
		{B1734B07-81BB-43A8-93AF-43F1AF1ED439}.Release|x86.ActiveCfg = Release|Win32
		{B1734B07-81BB-43A8-93AF-43F1AF1ED439}.Release|x86.Build.0 = Release|Win32
		{E9B68FB1-7F60-4245-B850-9CEBA29F0193}.Debug|x64.ActiveCfg = Debug|x64
		{E9B68FB1-7F60-4245-B850-9CEBA29F0193}.Debug|x64.Build.0 = Debug|x64
		{E9B68FB1-7F60-4245-B850-9CEBA29F0193}.Debug|x86.ActiveCfg = Debug|Win32
		{E9B68FB1-7F60-4245-B850-9CEBA29F0193}.Debug|x86.Build.0 = Debug|Win32
		{E9B68FB1-7F60-4245-B850-9CEBA29F0193}.Release|x64.ActiveCfg = Release|x64
		{E9B68FB1-7F60-4245-B850-9CEBA29F0193}.Release|x64.Build.0 = Release|x64
		{E9B68FB1-7F60-4245-B850-9CEBA29F0193}.Release|x86.ActiveCfg = Release|Win32
		{E9B68FB1-7F60-4245-B850-9CEBA29F0193}.Release|x86.Build.0 = Release|Win32
		{922227B8-5E65-4E9F-AAA0-5DE5AF6D0B09}.Debug|x64.ActiveCfg = Debug|x64
		{922227B8-5E65-4E9F-AAA0-5DE5AF6D0B09}.Debug|x64.Build.0 = Debug|x64
		{922227B8-5E65-4E9F-AAA0-5DE5AF6D0B09}.Debug|x86.ActiveCfg = Debug|Win32
		{922227B8-5E65-4E9F-AAA0-5DE5AF6D0B09}.Debug|x86.Build.0 = Debug|Win32
		{922227B8-5E65-4E9F-AAA0-5DE5AF6D0B09}.Release|x64.ActiveCfg = Release|x64
		{922227B8-5E65-4E9F-AAA0-5DE5AF6D0B09}.Release|x64.Build.0 = Release|x64
		{922227B8-5E65-4E9F-AAA0-5DE5AF6D0B09}.Release|x86.ActiveCfg = Release|Win32
		{922227B8-5E65-4E9F-AAA0-5DE5AF6D0B09}.Release|x86.Build.0 = Release|Win32
		{74AC70AC-8942-4F89-81D3-D691884EEBC6}.Debug|x64.ActiveCfg = Debug|x64
		{74AC70AC-8942-4F89-81D3-D691884EEBC6}.Debug|x64.Build.0 = Debug|x64
		{74AC70AC-8942-4F89-81D3-D691884EEBC6}.Debug|x86.ActiveCfg = Debug|Win32
		{74AC70AC-8942-4F89-81D3-D691884EEBC6}.Debug|x86.Build.0 = Debug|Win32
		{74AC70AC-8942-4F89-81D3-D691884EEBC6}.Release|x64.ActiveCfg = Release|x64
		{74AC70AC-8942-4F89-81D3-D691884EEBC6}.Release|x64.Build.0 = Release|x64
		{74AC70AC-8942-4F89-81D3-D691884EEBC6}.Release|x86.ActiveCfg = Release|Win32
		{74AC70AC-8942-4F89-81D3-D691884EEBC6}.Release|x86.Build.0 = Release|Win32
		{2E562666-C6F7-4810-8EA2-9038CF46C7F4}.Debug|x64.ActiveCfg = Debug|x64
		{2E562666-C6F7-4810-8EA2-9038CF46C7F4}.Debug|x64.Build.0 = Debug|x64
		{2E562666-C6F7-4810-8EA2-9038CF46C7F4}.Debug|x86.ActiveCfg = Debug|Win32
		{2E562666-C6F7-4810-8EA2-9038CF46C7F4}.Debug|x86.Build.0 = Debug|Win32
		{2E562666-C6F7-4810-8EA2-9038CF46C7F4}.Release|x64.ActiveCfg = Release|x64
		{2E562666-C6F7-4810-8EA2-9038CF46C7F4}.Release|x64.Build.0 = Release|x64
		{2E562666-C6F7-4810-8EA2-9038CF46C7F4}.Release|x86.ActiveCfg = Release|Win32
		{2E562666-C6F7-4810-8EA2-9038CF46C7F4}.Release|x86.Build.0 = Release|Win32
		{BC0A3F61-0B14-4E45-A5B5-C544537E2053}.Debug|x64.ActiveCfg = Debug|x64
		{BC0A3F61-0B14-4E45-A5B5-C544537E2053}.Debug|x64.Build.0 = Debug|x64
		{BC0A3F61-0B14-4E45-A5B5-C544537E2053}.Debug|x86.ActiveCfg = Debug|Win32
		{BC0A3F61-0B14-4E45-A5B5-C544537E2053}.Debug|x86.Build.0 = Debug|Win32
		{BC0A3F61-0B14-4E45-A5B5-C544537E2053}.Release|x64.ActiveCfg = Release|x64
		{BC0A3F61-0B14-4E45-A5B5-C544537E2053}.Release|x64.Build.0 = Release|x64
		{BC0A3F61-0B14-4E45-A5B5-C544537E2053}.Release|x86.ActiveCfg = Release|Win32
		{BC0A3F61-0B14-4E45-A5B5-C544537E2053}.Release|x86.Build.0 = Release|Win32
		{DD237D82-A8D3-4A2A-97BB-8C4FE0010C9B}.Debug|x64.ActiveCfg = Debug|x64
		{DD237D82-A8D3-4A2A-97BB-8C4FE0010C9B}.Debug|x64.Build.0 = Debug|x64
		{DD237D82-A8D3-4A2A-97BB-8C4FE0010C9B}.Debug|x86.ActiveCfg = Debug|Win32
		{DD237D82-A8D3-4A2A-97BB-8C4FE0010C9B}.Debug|x86.Build.0 = Debug|Win32
		{DD237D82-A8D3-4A2A-97BB-8C4FE0010C9B}.Release|x64.ActiveCfg = Release|x64
		{DD237D82-A8D3-4A2A-97BB-8C4FE0010C9B}.Release|x64.Build.0 = Release|x64
		{DD237D82-A8D3-4A2A-97BB-8C4FE0010C9B}.Release|x86.ActiveCfg = Release|Win32
		{DD237D82-A8D3-4A2A-97BB-8C4FE0010C9B}.Release|x86.Build.0 = Release|Win32
		{E1D2BE06-1378-4EC6-A3A5-5A3C432D9602}.Debug|x64.ActiveCfg = Debug|x64
		{E1D2BE06-1378-4EC6-A3A5-5A3C432D9602}.Debug|x64.Build.0 = Debug|x64
		{E1D2BE06-1378-4EC6-A3A5-5A3C432D9602}.Debug|x86.ActiveCfg = Debug|Win32
		{E1D2BE06-1378-4EC6-A3A5-5A3C432D9602}.Debug|x86.Build.0 = Debug|Win32
		{E1D2BE06-1378-4EC6-A3A5-5A3C432D9602}.Release|x64.ActiveCfg = Release|x64
		{E1D2BE06-1378-4EC6-A3A5-5A3C432D9602}.Release|x64.Build.0 = Release|x64
		{E1D2BE06-1378-4EC6-A3A5-5A3C432D9602}.Release|x86.ActiveCfg = Release|Win32
		{E1D2BE06-1378-4EC6-A3A5-5A3C432D9602}.Release|x86.Build.0 = Release|Win32
		{EA4BBB47-87C6-449D-997B-E714AB6FF672}.Debug|x64.ActiveCfg = Debug|x64
		{EA4BBB47-87C6-449D-997B-E714AB6FF672}.Debug|x64.Build.0 = Debug|x64
		{EA4BBB47-87C6-449D-997B-E714AB6FF672}.Debug|x86.ActiveCfg = Debug|Win32
		{EA4BBB47-87C6-449D-997B-E714AB6FF672}.Debug|x86.Build.0 = Debug|Win32
		{EA4BBB47-87C6-449D-997B-E714AB6FF672}.Release|x64.ActiveCfg = Release|x64
		{EA4BBB47-87C6-449D-997B-E714AB6FF672}.Release|x64.Build.0 = Release|x64
		{EA4BBB47-87C6-449D-997B-E714AB6FF672}.Release|x86.ActiveCfg = Release|Win32
		{EA4BBB47-87C6-449D-997B-E714AB6FF672}.Release|x86.Build.0 = Release|Win32
		{B3880616-7F58-48FE-B52F-B7D5A88E4530}.Debug|x64.ActiveCfg = Debug|x64
		{B3880616-7F58-48FE-B52F-B7D5A88E4530}.Debug|x64.Build.0 = Debug|x64
		{B3880616-7F58-48FE-B52F-B7D5A88E4530}.Debug|x86.ActiveCfg = Debug|Win32
		{B3880616-7F58-48FE-B52F-B7D5A88E4530}.Debug|x86.Build.0 = Debug|Win32
		{B3880616-7F58-48FE-B52F-B7D5A88E4530}.Release|x64.ActiveCfg = Release|x64
		{B3880616-7F58-48FE-B52F-B7D5A88E4530}.Release|x64.Build.0 = Release|x64
		{B3880616-7F58-48FE-B52F-B7D5A88E4530}.Release|x86.ActiveCfg = Release|Win32
		{B3880616-7F58-48FE-B52F-B7D5A88E4530}.Release|x86.Build.0 = Release|Win32
	EndGlobalSection
	GlobalSection(SolutionProperties) = preSolution
		HideSolutionNode = FALSE
	EndGlobalSection
	GlobalSection(ExtensibilityGlobals) = postSolution
		SolutionGuid = {1A750195-930A-44E4-A0A8-AD8A730B1AF8}
	EndGlobalSection
EndGlobal
