
Microsoft Visual Studio Solution File, Format Version 12.00
# Visual Studio 15
VisualStudioVersion = 15.0.28307.271
MinimumVisualStudioVersion = 10.0.40219.1
Project("{8BC9CEB8-8B4A-11D0-8D11-00A0C91BC942}") = "01", "6장 연습문제\6장 연습문제.vcxproj", "{DF223B0A-E2ED-4F87-AA1A-68EE9FCDC765}"
EndProject
Project("{8BC9CEB8-8B4A-11D0-8D11-00A0C91BC942}") = "02", "02\02.vcxproj", "{5592E149-17C5-4E34-A1BB-8A066CEA6EF2}"
EndProject
Project("{8BC9CEB8-8B4A-11D0-8D11-00A0C91BC942}") = "03", "03\03.vcxproj", "{CFA0F3C5-22B8-4E99-9962-B1E188E8AB80}"
EndProject
Project("{8BC9CEB8-8B4A-11D0-8D11-00A0C91BC942}") = "04", "04\04.vcxproj", "{7BCEC120-A40E-4A2E-949A-CD9A4CA5604D}"
EndProject
Project("{8BC9CEB8-8B4A-11D0-8D11-00A0C91BC942}") = "05", "05\05.vcxproj", "{B46235CE-1799-436E-84B7-F8CFE6FB8940}"
EndProject
Project("{8BC9CEB8-8B4A-11D0-8D11-00A0C91BC942}") = "06", "06\06.vcxproj", "{C0844217-055C-4018-BFBE-1A9FC607FA0A}"
EndProject
Project("{8BC9CEB8-8B4A-11D0-8D11-00A0C91BC942}") = "07", "07\07.vcxproj", "{9F3C77B6-63F3-4C49-AD6D-E6D674875FA3}"
EndProject
Project("{8BC9CEB8-8B4A-11D0-8D11-00A0C91BC942}") = "08", "08\08.vcxproj", "{B2187735-5DFF-4A31-BDC4-E2CB37322D98}"
EndProject
Project("{8BC9CEB8-8B4A-11D0-8D11-00A0C91BC942}") = "09", "09\09.vcxproj", "{28116C1B-EA8A-4C04-8387-8618ABE96C50}"
EndProject
Project("{8BC9CEB8-8B4A-11D0-8D11-00A0C91BC942}") = "10", "10번\10번.vcxproj", "{DDDC2569-0B9A-4696-A6D1-8D094BE44128}"
EndProject
Project("{8BC9CEB8-8B4A-11D0-8D11-00A0C91BC942}") = "11", "11\11.vcxproj", "{DF876330-6D72-4D63-AEF0-7CD55AFDBBCE}"
EndProject
Project("{8BC9CEB8-8B4A-11D0-8D11-00A0C91BC942}") = "12", "12\12.vcxproj", "{FEC45C29-A876-445A-ABC1-B0DB8762E852}"
EndProject
Global
	GlobalSection(SolutionConfigurationPlatforms) = preSolution
		Debug|x64 = Debug|x64
		Debug|x86 = Debug|x86
		Release|x64 = Release|x64
		Release|x86 = Release|x86
	EndGlobalSection
	GlobalSection(ProjectConfigurationPlatforms) = postSolution
		{DF223B0A-E2ED-4F87-AA1A-68EE9FCDC765}.Debug|x64.ActiveCfg = Debug|x64
		{DF223B0A-E2ED-4F87-AA1A-68EE9FCDC765}.Debug|x64.Build.0 = Debug|x64
		{DF223B0A-E2ED-4F87-AA1A-68EE9FCDC765}.Debug|x86.ActiveCfg = Debug|Win32
		{DF223B0A-E2ED-4F87-AA1A-68EE9FCDC765}.Debug|x86.Build.0 = Debug|Win32
		{DF223B0A-E2ED-4F87-AA1A-68EE9FCDC765}.Release|x64.ActiveCfg = Release|x64
		{DF223B0A-E2ED-4F87-AA1A-68EE9FCDC765}.Release|x64.Build.0 = Release|x64
		{DF223B0A-E2ED-4F87-AA1A-68EE9FCDC765}.Release|x86.ActiveCfg = Release|Win32
		{DF223B0A-E2ED-4F87-AA1A-68EE9FCDC765}.Release|x86.Build.0 = Release|Win32
		{5592E149-17C5-4E34-A1BB-8A066CEA6EF2}.Debug|x64.ActiveCfg = Debug|x64
		{5592E149-17C5-4E34-A1BB-8A066CEA6EF2}.Debug|x64.Build.0 = Debug|x64
		{5592E149-17C5-4E34-A1BB-8A066CEA6EF2}.Debug|x86.ActiveCfg = Debug|Win32
		{5592E149-17C5-4E34-A1BB-8A066CEA6EF2}.Debug|x86.Build.0 = Debug|Win32
		{5592E149-17C5-4E34-A1BB-8A066CEA6EF2}.Release|x64.ActiveCfg = Release|x64
		{5592E149-17C5-4E34-A1BB-8A066CEA6EF2}.Release|x64.Build.0 = Release|x64
		{5592E149-17C5-4E34-A1BB-8A066CEA6EF2}.Release|x86.ActiveCfg = Release|Win32
		{5592E149-17C5-4E34-A1BB-8A066CEA6EF2}.Release|x86.Build.0 = Release|Win32
		{CFA0F3C5-22B8-4E99-9962-B1E188E8AB80}.Debug|x64.ActiveCfg = Debug|x64
		{CFA0F3C5-22B8-4E99-9962-B1E188E8AB80}.Debug|x64.Build.0 = Debug|x64
		{CFA0F3C5-22B8-4E99-9962-B1E188E8AB80}.Debug|x86.ActiveCfg = Debug|Win32
		{CFA0F3C5-22B8-4E99-9962-B1E188E8AB80}.Debug|x86.Build.0 = Debug|Win32
		{CFA0F3C5-22B8-4E99-9962-B1E188E8AB80}.Release|x64.ActiveCfg = Release|x64
		{CFA0F3C5-22B8-4E99-9962-B1E188E8AB80}.Release|x64.Build.0 = Release|x64
		{CFA0F3C5-22B8-4E99-9962-B1E188E8AB80}.Release|x86.ActiveCfg = Release|Win32
		{CFA0F3C5-22B8-4E99-9962-B1E188E8AB80}.Release|x86.Build.0 = Release|Win32
		{7BCEC120-A40E-4A2E-949A-CD9A4CA5604D}.Debug|x64.ActiveCfg = Debug|x64
		{7BCEC120-A40E-4A2E-949A-CD9A4CA5604D}.Debug|x64.Build.0 = Debug|x64
		{7BCEC120-A40E-4A2E-949A-CD9A4CA5604D}.Debug|x86.ActiveCfg = Debug|Win32
		{7BCEC120-A40E-4A2E-949A-CD9A4CA5604D}.Debug|x86.Build.0 = Debug|Win32
		{7BCEC120-A40E-4A2E-949A-CD9A4CA5604D}.Release|x64.ActiveCfg = Release|x64
		{7BCEC120-A40E-4A2E-949A-CD9A4CA5604D}.Release|x64.Build.0 = Release|x64
		{7BCEC120-A40E-4A2E-949A-CD9A4CA5604D}.Release|x86.ActiveCfg = Release|Win32
		{7BCEC120-A40E-4A2E-949A-CD9A4CA5604D}.Release|x86.Build.0 = Release|Win32
		{B46235CE-1799-436E-84B7-F8CFE6FB8940}.Debug|x64.ActiveCfg = Debug|x64
		{B46235CE-1799-436E-84B7-F8CFE6FB8940}.Debug|x64.Build.0 = Debug|x64
		{B46235CE-1799-436E-84B7-F8CFE6FB8940}.Debug|x86.ActiveCfg = Debug|Win32
		{B46235CE-1799-436E-84B7-F8CFE6FB8940}.Debug|x86.Build.0 = Debug|Win32
		{B46235CE-1799-436E-84B7-F8CFE6FB8940}.Release|x64.ActiveCfg = Release|x64
		{B46235CE-1799-436E-84B7-F8CFE6FB8940}.Release|x64.Build.0 = Release|x64
		{B46235CE-1799-436E-84B7-F8CFE6FB8940}.Release|x86.ActiveCfg = Release|Win32
		{B46235CE-1799-436E-84B7-F8CFE6FB8940}.Release|x86.Build.0 = Release|Win32
		{C0844217-055C-4018-BFBE-1A9FC607FA0A}.Debug|x64.ActiveCfg = Debug|x64
		{C0844217-055C-4018-BFBE-1A9FC607FA0A}.Debug|x64.Build.0 = Debug|x64
		{C0844217-055C-4018-BFBE-1A9FC607FA0A}.Debug|x86.ActiveCfg = Debug|Win32
		{C0844217-055C-4018-BFBE-1A9FC607FA0A}.Debug|x86.Build.0 = Debug|Win32
		{C0844217-055C-4018-BFBE-1A9FC607FA0A}.Release|x64.ActiveCfg = Release|x64
		{C0844217-055C-4018-BFBE-1A9FC607FA0A}.Release|x64.Build.0 = Release|x64
		{C0844217-055C-4018-BFBE-1A9FC607FA0A}.Release|x86.ActiveCfg = Release|Win32
		{C0844217-055C-4018-BFBE-1A9FC607FA0A}.Release|x86.Build.0 = Release|Win32
		{9F3C77B6-63F3-4C49-AD6D-E6D674875FA3}.Debug|x64.ActiveCfg = Debug|x64
		{9F3C77B6-63F3-4C49-AD6D-E6D674875FA3}.Debug|x64.Build.0 = Debug|x64
		{9F3C77B6-63F3-4C49-AD6D-E6D674875FA3}.Debug|x86.ActiveCfg = Debug|Win32
		{9F3C77B6-63F3-4C49-AD6D-E6D674875FA3}.Debug|x86.Build.0 = Debug|Win32
		{9F3C77B6-63F3-4C49-AD6D-E6D674875FA3}.Release|x64.ActiveCfg = Release|x64
		{9F3C77B6-63F3-4C49-AD6D-E6D674875FA3}.Release|x64.Build.0 = Release|x64
		{9F3C77B6-63F3-4C49-AD6D-E6D674875FA3}.Release|x86.ActiveCfg = Release|Win32
		{9F3C77B6-63F3-4C49-AD6D-E6D674875FA3}.Release|x86.Build.0 = Release|Win32
		{B2187735-5DFF-4A31-BDC4-E2CB37322D98}.Debug|x64.ActiveCfg = Debug|x64
		{B2187735-5DFF-4A31-BDC4-E2CB37322D98}.Debug|x64.Build.0 = Debug|x64
		{B2187735-5DFF-4A31-BDC4-E2CB37322D98}.Debug|x86.ActiveCfg = Debug|Win32
		{B2187735-5DFF-4A31-BDC4-E2CB37322D98}.Debug|x86.Build.0 = Debug|Win32
		{B2187735-5DFF-4A31-BDC4-E2CB37322D98}.Release|x64.ActiveCfg = Release|x64
		{B2187735-5DFF-4A31-BDC4-E2CB37322D98}.Release|x64.Build.0 = Release|x64
		{B2187735-5DFF-4A31-BDC4-E2CB37322D98}.Release|x86.ActiveCfg = Release|Win32
		{B2187735-5DFF-4A31-BDC4-E2CB37322D98}.Release|x86.Build.0 = Release|Win32
		{28116C1B-EA8A-4C04-8387-8618ABE96C50}.Debug|x64.ActiveCfg = Debug|x64
		{28116C1B-EA8A-4C04-8387-8618ABE96C50}.Debug|x64.Build.0 = Debug|x64
		{28116C1B-EA8A-4C04-8387-8618ABE96C50}.Debug|x86.ActiveCfg = Debug|Win32
		{28116C1B-EA8A-4C04-8387-8618ABE96C50}.Debug|x86.Build.0 = Debug|Win32
		{28116C1B-EA8A-4C04-8387-8618ABE96C50}.Release|x64.ActiveCfg = Release|x64
		{28116C1B-EA8A-4C04-8387-8618ABE96C50}.Release|x64.Build.0 = Release|x64
		{28116C1B-EA8A-4C04-8387-8618ABE96C50}.Release|x86.ActiveCfg = Release|Win32
		{28116C1B-EA8A-4C04-8387-8618ABE96C50}.Release|x86.Build.0 = Release|Win32
		{DDDC2569-0B9A-4696-A6D1-8D094BE44128}.Debug|x64.ActiveCfg = Debug|x64
		{DDDC2569-0B9A-4696-A6D1-8D094BE44128}.Debug|x64.Build.0 = Debug|x64
		{DDDC2569-0B9A-4696-A6D1-8D094BE44128}.Debug|x86.ActiveCfg = Debug|Win32
		{DDDC2569-0B9A-4696-A6D1-8D094BE44128}.Debug|x86.Build.0 = Debug|Win32
		{DDDC2569-0B9A-4696-A6D1-8D094BE44128}.Release|x64.ActiveCfg = Release|x64
		{DDDC2569-0B9A-4696-A6D1-8D094BE44128}.Release|x64.Build.0 = Release|x64
		{DDDC2569-0B9A-4696-A6D1-8D094BE44128}.Release|x86.ActiveCfg = Release|Win32
		{DDDC2569-0B9A-4696-A6D1-8D094BE44128}.Release|x86.Build.0 = Release|Win32
		{DF876330-6D72-4D63-AEF0-7CD55AFDBBCE}.Debug|x64.ActiveCfg = Debug|x64
		{DF876330-6D72-4D63-AEF0-7CD55AFDBBCE}.Debug|x64.Build.0 = Debug|x64
		{DF876330-6D72-4D63-AEF0-7CD55AFDBBCE}.Debug|x86.ActiveCfg = Debug|Win32
		{DF876330-6D72-4D63-AEF0-7CD55AFDBBCE}.Debug|x86.Build.0 = Debug|Win32
		{DF876330-6D72-4D63-AEF0-7CD55AFDBBCE}.Release|x64.ActiveCfg = Release|x64
		{DF876330-6D72-4D63-AEF0-7CD55AFDBBCE}.Release|x64.Build.0 = Release|x64
		{DF876330-6D72-4D63-AEF0-7CD55AFDBBCE}.Release|x86.ActiveCfg = Release|Win32
		{DF876330-6D72-4D63-AEF0-7CD55AFDBBCE}.Release|x86.Build.0 = Release|Win32
		{FEC45C29-A876-445A-ABC1-B0DB8762E852}.Debug|x64.ActiveCfg = Debug|x64
		{FEC45C29-A876-445A-ABC1-B0DB8762E852}.Debug|x64.Build.0 = Debug|x64
		{FEC45C29-A876-445A-ABC1-B0DB8762E852}.Debug|x86.ActiveCfg = Debug|Win32
		{FEC45C29-A876-445A-ABC1-B0DB8762E852}.Debug|x86.Build.0 = Debug|Win32
		{FEC45C29-A876-445A-ABC1-B0DB8762E852}.Release|x64.ActiveCfg = Release|x64
		{FEC45C29-A876-445A-ABC1-B0DB8762E852}.Release|x64.Build.0 = Release|x64
		{FEC45C29-A876-445A-ABC1-B0DB8762E852}.Release|x86.ActiveCfg = Release|Win32
		{FEC45C29-A876-445A-ABC1-B0DB8762E852}.Release|x86.Build.0 = Release|Win32
	EndGlobalSection
	GlobalSection(SolutionProperties) = preSolution
		HideSolutionNode = FALSE
	EndGlobalSection
	GlobalSection(ExtensibilityGlobals) = postSolution
		SolutionGuid = {4D4A5F47-5D6A-475F-9002-5677F06A6F6F}
	EndGlobalSection
EndGlobal
